
Microsoft Visual Studio Solution File, Format Version 12.00
# Visual Studio Version 16
VisualStudioVersion = 16.0.31729.503
MinimumVisualStudioVersion = 10.0.40219.1
Project("{9A19103F-16F7-4668-BE54-9A1E7A4F7556}") = "FomsTheme", "FomsTheme\FomsTheme.csproj", "{15DA20F5-8C60-4D83-AD90-A12CA0BC9513}"
EndProject
Global
	GlobalSection(SolutionConfigurationPlatforms) = preSolution
		Debug|Any CPU = Debug|Any CPU
		Release|Any CPU = Release|Any CPU
	EndGlobalSection
	GlobalSection(ProjectConfigurationPlatforms) = postSolution
		{15DA20F5-8C60-4D83-AD90-A12CA0BC9513}.Debug|Any CPU.ActiveCfg = Debug|Any CPU
		{15DA20F5-8C60-4D83-AD90-A12CA0BC9513}.Debug|Any CPU.Build.0 = Debug|Any CPU
		{15DA20F5-8C60-4D83-AD90-A12CA0BC9513}.Release|Any CPU.ActiveCfg = Release|Any CPU
		{15DA20F5-8C60-4D83-AD90-A12CA0BC9513}.Release|Any CPU.Build.0 = Release|Any CPU
	EndGlobalSection
	GlobalSection(SolutionProperties) = preSolution
		HideSolutionNode = FALSE
	EndGlobalSection
	GlobalSection(ExtensibilityGlobals) = postSolution
		SolutionGuid = {9C98ED52-1DC2-4A3D-9FD1-5D4F060533C3}
	EndGlobalSection
EndGlobal
